
Microsoft Visual Studio Solution File, Format Version 12.00
# Visual Studio 15
VisualStudioVersion = 15.0.27703.2026
MinimumVisualStudioVersion = 10.0.40219.1
Project("{FAE04EC0-301F-11D3-BF4B-00C04F79EFBC}") = "TacitusLogger.Destinations.Trace.Examples", "TacitusLogger.Destinations.Trace.Examples\TacitusLogger.Destinations.Trace.Examples.csproj", "{DE4D315B-5316-44BB-AE95-B7FA019D5EFA}"
EndProject
Global
	GlobalSection(SolutionConfigurationPlatforms) = preSolution
		Debug|Any CPU = Debug|Any CPU
		Release|Any CPU = Release|Any CPU
	EndGlobalSection
	GlobalSection(ProjectConfigurationPlatforms) = postSolution
		{DE4D315B-5316-44BB-AE95-B7FA019D5EFA}.Debug|Any CPU.ActiveCfg = Debug|Any CPU
		{DE4D315B-5316-44BB-AE95-B7FA019D5EFA}.Debug|Any CPU.Build.0 = Debug|Any CPU
		{DE4D315B-5316-44BB-AE95-B7FA019D5EFA}.Release|Any CPU.ActiveCfg = Release|Any CPU
		{DE4D315B-5316-44BB-AE95-B7FA019D5EFA}.Release|Any CPU.Build.0 = Release|Any CPU
	EndGlobalSection
	GlobalSection(SolutionProperties) = preSolution
		HideSolutionNode = FALSE
	EndGlobalSection
	GlobalSection(ExtensibilityGlobals) = postSolution
		SolutionGuid = {B7C45F80-090E-49FB-8176-D1E30BA9ECDC}
	EndGlobalSection
EndGlobal
